
Microsoft Visual Studio Solution File, Format Version 12.00
# Visual Studio Version 16
VisualStudioVersion = 16.0.31105.61
MinimumVisualStudioVersion = 10.0.40219.1
Project("{2150E333-8FDC-42A3-9474-1A3956D46DE8}") = "src", "src", "{A16FAE45-2762-42DE-B741-B56798F0A214}"
EndProject
Project("{2150E333-8FDC-42A3-9474-1A3956D46DE8}") = "01.Core", "01.Core", "{1B6596F7-B271-43BA-A130-B9EB51BBEDEF}"
EndProject
Project("{2150E333-8FDC-42A3-9474-1A3956D46DE8}") = "02.Data", "02.Data", "{87457141-04A5-4549-A389-C9F5FDE899C1}"
EndProject
Project("{2150E333-8FDC-42A3-9474-1A3956D46DE8}") = "03.Infra", "03.Infra", "{98B527F6-0F27-44C9-8CD8-E539503E7E3C}"
EndProject
Project("{2150E333-8FDC-42A3-9474-1A3956D46DE8}") = "04.Api", "04.Api", "{6A59B163-41AB-4532-B5D5-32D47319069D}"
EndProject
Project("{9A19103F-16F7-4668-BE54-9A1E7A4F7556}") = "Enderecos.Application", "src\Enderecos.Application\Enderecos.Application.csproj", "{2D2F9279-74EA-4845-ADB3-AC4984167AA9}"
EndProject
Project("{9A19103F-16F7-4668-BE54-9A1E7A4F7556}") = "Enderecos.Domain", "src\Enderecos.Domain\Enderecos.Domain.csproj", "{81E1EDA4-5A7C-4145-B1D0-92A85CA40100}"
EndProject
Project("{9A19103F-16F7-4668-BE54-9A1E7A4F7556}") = "Enderecos.Data.Infra", "src\Enderecos.Data.Infra\Enderecos.Data.Infra.csproj", "{B25D621F-46B8-4C9B-B0BE-986448816B72}"
EndProject
Project("{9A19103F-16F7-4668-BE54-9A1E7A4F7556}") = "Enderecos.Data.Persistence", "src\Enderecos.Data.Persistence\Enderecos.Data.Persistence.csproj", "{E45134D0-E08A-477B-B579-59D1D79CFCA1}"
EndProject
Project("{9A19103F-16F7-4668-BE54-9A1E7A4F7556}") = "Enderecos.Infra.IoC", "src\Enderecos.Infra.IoC\Enderecos.Infra.IoC.csproj", "{3EF8ABFD-EE03-4F68-AD77-C1024F3E0022}"
EndProject
Project("{9A19103F-16F7-4668-BE54-9A1E7A4F7556}") = "Enderecos.Api", "src\Enderecos.Api\Enderecos.Api.csproj", "{F5566CB3-9E15-4B1B-BF74-3EDBD9FC3443}"
EndProject
Global
	GlobalSection(SolutionConfigurationPlatforms) = preSolution
		Debug|Any CPU = Debug|Any CPU
		Release|Any CPU = Release|Any CPU
	EndGlobalSection
	GlobalSection(ProjectConfigurationPlatforms) = postSolution
		{2D2F9279-74EA-4845-ADB3-AC4984167AA9}.Debug|Any CPU.ActiveCfg = Debug|Any CPU
		{2D2F9279-74EA-4845-ADB3-AC4984167AA9}.Debug|Any CPU.Build.0 = Debug|Any CPU
		{2D2F9279-74EA-4845-ADB3-AC4984167AA9}.Release|Any CPU.ActiveCfg = Release|Any CPU
		{2D2F9279-74EA-4845-ADB3-AC4984167AA9}.Release|Any CPU.Build.0 = Release|Any CPU
		{81E1EDA4-5A7C-4145-B1D0-92A85CA40100}.Debug|Any CPU.ActiveCfg = Debug|Any CPU
		{81E1EDA4-5A7C-4145-B1D0-92A85CA40100}.Debug|Any CPU.Build.0 = Debug|Any CPU
		{81E1EDA4-5A7C-4145-B1D0-92A85CA40100}.Release|Any CPU.ActiveCfg = Release|Any CPU
		{81E1EDA4-5A7C-4145-B1D0-92A85CA40100}.Release|Any CPU.Build.0 = Release|Any CPU
		{B25D621F-46B8-4C9B-B0BE-986448816B72}.Debug|Any CPU.ActiveCfg = Debug|Any CPU
		{B25D621F-46B8-4C9B-B0BE-986448816B72}.Debug|Any CPU.Build.0 = Debug|Any CPU
		{B25D621F-46B8-4C9B-B0BE-986448816B72}.Release|Any CPU.ActiveCfg = Release|Any CPU
		{B25D621F-46B8-4C9B-B0BE-986448816B72}.Release|Any CPU.Build.0 = Release|Any CPU
		{E45134D0-E08A-477B-B579-59D1D79CFCA1}.Debug|Any CPU.ActiveCfg = Debug|Any CPU
		{E45134D0-E08A-477B-B579-59D1D79CFCA1}.Debug|Any CPU.Build.0 = Debug|Any CPU
		{E45134D0-E08A-477B-B579-59D1D79CFCA1}.Release|Any CPU.ActiveCfg = Release|Any CPU
		{E45134D0-E08A-477B-B579-59D1D79CFCA1}.Release|Any CPU.Build.0 = Release|Any CPU
		{3EF8ABFD-EE03-4F68-AD77-C1024F3E0022}.Debug|Any CPU.ActiveCfg = Debug|Any CPU
		{3EF8ABFD-EE03-4F68-AD77-C1024F3E0022}.Debug|Any CPU.Build.0 = Debug|Any CPU
		{3EF8ABFD-EE03-4F68-AD77-C1024F3E0022}.Release|Any CPU.ActiveCfg = Release|Any CPU
		{3EF8ABFD-EE03-4F68-AD77-C1024F3E0022}.Release|Any CPU.Build.0 = Release|Any CPU
		{F5566CB3-9E15-4B1B-BF74-3EDBD9FC3443}.Debug|Any CPU.ActiveCfg = Debug|Any CPU
		{F5566CB3-9E15-4B1B-BF74-3EDBD9FC3443}.Debug|Any CPU.Build.0 = Debug|Any CPU
		{F5566CB3-9E15-4B1B-BF74-3EDBD9FC3443}.Release|Any CPU.ActiveCfg = Release|Any CPU
		{F5566CB3-9E15-4B1B-BF74-3EDBD9FC3443}.Release|Any CPU.Build.0 = Release|Any CPU
	EndGlobalSection
	GlobalSection(SolutionProperties) = preSolution
		HideSolutionNode = FALSE
	EndGlobalSection
	GlobalSection(NestedProjects) = preSolution
		{1B6596F7-B271-43BA-A130-B9EB51BBEDEF} = {A16FAE45-2762-42DE-B741-B56798F0A214}
		{87457141-04A5-4549-A389-C9F5FDE899C1} = {A16FAE45-2762-42DE-B741-B56798F0A214}
		{98B527F6-0F27-44C9-8CD8-E539503E7E3C} = {A16FAE45-2762-42DE-B741-B56798F0A214}
		{6A59B163-41AB-4532-B5D5-32D47319069D} = {A16FAE45-2762-42DE-B741-B56798F0A214}
		{2D2F9279-74EA-4845-ADB3-AC4984167AA9} = {1B6596F7-B271-43BA-A130-B9EB51BBEDEF}
		{81E1EDA4-5A7C-4145-B1D0-92A85CA40100} = {1B6596F7-B271-43BA-A130-B9EB51BBEDEF}
		{B25D621F-46B8-4C9B-B0BE-986448816B72} = {87457141-04A5-4549-A389-C9F5FDE899C1}
		{E45134D0-E08A-477B-B579-59D1D79CFCA1} = {87457141-04A5-4549-A389-C9F5FDE899C1}
		{3EF8ABFD-EE03-4F68-AD77-C1024F3E0022} = {98B527F6-0F27-44C9-8CD8-E539503E7E3C}
		{F5566CB3-9E15-4B1B-BF74-3EDBD9FC3443} = {6A59B163-41AB-4532-B5D5-32D47319069D}
	EndGlobalSection
	GlobalSection(ExtensibilityGlobals) = postSolution
		SolutionGuid = {E4E91422-3FE3-4DB5-9972-FC05CC2194A7}
	EndGlobalSection
EndGlobal
